
Microsoft Visual Studio Solution File, Format Version 12.00
# Visual Studio Version 17
VisualStudioVersion = 17.14.36414.22
MinimumVisualStudioVersion = 10.0.40219.1
Project("{FAE04EC0-301F-11D3-BF4B-00C04F79EFBC}") = "NowPlayinObs", "NowPlayinObs\NowPlayinObs\NowPlayinObs.csproj", "{8C7127D7-C0BD-46DE-AD84-FD9E41673C65}"
EndProject
Project("{FAE04EC0-301F-11D3-BF4B-00C04F79EFBC}") = "NowPlayinObs.Client", "NowPlayinObs\NowPlayinObs.Client\NowPlayinObs.Client.csproj", "{682E9C58-C770-450F-88EB-3AFCE14702D4}"
EndProject
Project("{FAE04EC0-301F-11D3-BF4B-00C04F79EFBC}") = "NowPlayinObs.Core", "NowPlayinObs.Core\NowPlayinObs.Core.csproj", "{E824D74B-BD0D-42BB-8260-03BF2C87EDCB}"
EndProject
Project("{FAE04EC0-301F-11D3-BF4B-00C04F79EFBC}") = "NowPlayinObs.Services", "NowPlayinObs.Services\NowPlayinObs.Services.csproj", "{4B2E77D3-A129-476C-B622-BE25AC162463}"
EndProject
Global
	GlobalSection(SolutionConfigurationPlatforms) = preSolution
		Debug|Any CPU = Debug|Any CPU
		Release|Any CPU = Release|Any CPU
	EndGlobalSection
	GlobalSection(ProjectConfigurationPlatforms) = postSolution
		{8C7127D7-C0BD-46DE-AD84-FD9E41673C65}.Debug|Any CPU.ActiveCfg = Debug|Any CPU
		{8C7127D7-C0BD-46DE-AD84-FD9E41673C65}.Debug|Any CPU.Build.0 = Debug|Any CPU
		{8C7127D7-C0BD-46DE-AD84-FD9E41673C65}.Release|Any CPU.ActiveCfg = Release|Any CPU
		{8C7127D7-C0BD-46DE-AD84-FD9E41673C65}.Release|Any CPU.Build.0 = Release|Any CPU
		{682E9C58-C770-450F-88EB-3AFCE14702D4}.Debug|Any CPU.ActiveCfg = Debug|Any CPU
		{682E9C58-C770-450F-88EB-3AFCE14702D4}.Debug|Any CPU.Build.0 = Debug|Any CPU
		{682E9C58-C770-450F-88EB-3AFCE14702D4}.Release|Any CPU.ActiveCfg = Release|Any CPU
		{682E9C58-C770-450F-88EB-3AFCE14702D4}.Release|Any CPU.Build.0 = Release|Any CPU
		{E824D74B-BD0D-42BB-8260-03BF2C87EDCB}.Debug|Any CPU.ActiveCfg = Debug|Any CPU
		{E824D74B-BD0D-42BB-8260-03BF2C87EDCB}.Debug|Any CPU.Build.0 = Debug|Any CPU
		{E824D74B-BD0D-42BB-8260-03BF2C87EDCB}.Release|Any CPU.ActiveCfg = Release|Any CPU
		{E824D74B-BD0D-42BB-8260-03BF2C87EDCB}.Release|Any CPU.Build.0 = Release|Any CPU
		{4B2E77D3-A129-476C-B622-BE25AC162463}.Debug|Any CPU.ActiveCfg = Debug|Any CPU
		{4B2E77D3-A129-476C-B622-BE25AC162463}.Debug|Any CPU.Build.0 = Debug|Any CPU
		{4B2E77D3-A129-476C-B622-BE25AC162463}.Release|Any CPU.ActiveCfg = Release|Any CPU
		{4B2E77D3-A129-476C-B622-BE25AC162463}.Release|Any CPU.Build.0 = Release|Any CPU
	EndGlobalSection
	GlobalSection(SolutionProperties) = preSolution
		HideSolutionNode = FALSE
	EndGlobalSection
	GlobalSection(ExtensibilityGlobals) = postSolution
		SolutionGuid = {091D920F-493C-41AC-964D-D19DCE48A89E}
	EndGlobalSection
EndGlobal
